// !$*UTF8*$!
{
	archiveVersion = 1;
	classes = {
	};
	objectVersion = 50;
	objects = {

/* Begin PBXBuildFile section */
		2D392BEF26FCD0D700CAA1AD /* AppDelegate.swift in Sources */ = {isa = PBXBuildFile; fileRef = 2D392BEE26FCD0D700CAA1AD /* AppDelegate.swift */; };
		2D392BF126FCD0D700CAA1AD /* SceneDelegate.swift in Sources */ = {isa = PBXBuildFile; fileRef = 2D392BF026FCD0D700CAA1AD /* SceneDelegate.swift */; };
		2D392BF326FCD0D700CAA1AD /* ViewController.swift in Sources */ = {isa = PBXBuildFile; fileRef = 2D392BF226FCD0D700CAA1AD /* ViewController.swift */; };
		2D392BF826FCD0DE00CAA1AD /* Assets.xcassets in Resources */ = {isa = PBXBuildFile; fileRef = 2D392BF726FCD0DE00CAA1AD /* Assets.xcassets */; };
		2D392BFB26FCD0DE00CAA1AD /* LaunchScreen.storyboard in Resources */ = {isa = PBXBuildFile; fileRef = 2D392BF926FCD0DE00CAA1AD /* LaunchScreen.storyboard */; };
		2D392C1E26FCD58800CAA1AD /* Main.storyboard in Resources */ = {isa = PBXBuildFile; fileRef = 2D392C1C26FCD58800CAA1AD /* Main.storyboard */; };
		2D392C2126FCD6E400CAA1AD /* CanvasView.swift in Sources */ = {isa = PBXBuildFile; fileRef = 2D392C0926FCD17B00CAA1AD /* CanvasView.swift */; };
		2D392C2326FCD71100CAA1AD /* ParseImage.swift in Sources */ = {isa = PBXBuildFile; fileRef = 2D392C1026FCD18E00CAA1AD /* ParseImage.swift */; };
		2D392C2526FCD72600CAA1AD /* Phase4.swift in Sources */ = {isa = PBXBuildFile; fileRef = 2D392C1526FCD19A00CAA1AD /* Phase4.swift */; };
		2D392C2626FCD72600CAA1AD /* Phase2.swift in Sources */ = {isa = PBXBuildFile; fileRef = 2D392C1426FCD19A00CAA1AD /* Phase2.swift */; };
		2D392C2726FCD72600CAA1AD /* Phase1.swift in Sources */ = {isa = PBXBuildFile; fileRef = 2D392C1326FCD19A00CAA1AD /* Phase1.swift */; };
		2D392C2826FCD72600CAA1AD /* Phase3.swift in Sources */ = {isa = PBXBuildFile; fileRef = 2D392C1626FCD19A00CAA1AD /* Phase3.swift */; };
		2D392C2A26FCD72900CAA1AD /* SignatureDriver.swift in Sources */ = {isa = PBXBuildFile; fileRef = 2D392C1226FCD18E00CAA1AD /* SignatureDriver.swift */; };
		2D392C2E26FCD73000CAA1AD /* Filter.swift in Sources */ = {isa = PBXBuildFile; fileRef = 2D392C1826FCD1A600CAA1AD /* Filter.swift */; };
		2D392C3026FCD73200CAA1AD /* MetalController.metal in Sources */ = {isa = PBXBuildFile; fileRef = 2D392C1726FCD1A600CAA1AD /* MetalController.metal */; };
		2D392C3226FCD74500CAA1AD /* DropDownView.swift in Sources */ = {isa = PBXBuildFile; fileRef = 2D392C0D26FCD17B00CAA1AD /* DropDownView.swift */; };
		2D392C3626FCD74C00CAA1AD /* Colors.swift in Sources */ = {isa = PBXBuildFile; fileRef = 2D392C0A26FCD17B00CAA1AD /* Colors.swift */; };
		2D392C3826FCD74E00CAA1AD /* CBImageView.swift in Sources */ = {isa = PBXBuildFile; fileRef = 2D392C0B26FCD17B00CAA1AD /* CBImageView.swift */; };
/* End PBXBuildFile section */

/* Begin PBXFileReference section */
		2D392BEB26FCD0D700CAA1AD /* SignatureComparisonExperiment.app */ = {isa = PBXFileReference; explicitFileType = wrapper.application; includeInIndex = 0; path = SignatureComparisonExperiment.app; sourceTree = BUILT_PRODUCTS_DIR; };
		2D392BEE26FCD0D700CAA1AD /* AppDelegate.swift */ = {isa = PBXFileReference; lastKnownFileType = sourcecode.swift; path = AppDelegate.swift; sourceTree = "<group>"; };
		2D392BF026FCD0D700CAA1AD /* SceneDelegate.swift */ = {isa = PBXFileReference; lastKnownFileType = sourcecode.swift; path = SceneDelegate.swift; sourceTree = "<group>"; };
		2D392BF226FCD0D700CAA1AD /* ViewController.swift */ = {isa = PBXFileReference; lastKnownFileType = sourcecode.swift; path = ViewController.swift; sourceTree = "<group>"; };
		2D392BF726FCD0DE00CAA1AD /* Assets.xcassets */ = {isa = PBXFileReference; lastKnownFileType = folder.assetcatalog; path = Assets.xcassets; sourceTree = "<group>"; };
		2D392BFA26FCD0DE00CAA1AD /* Base */ = {isa = PBXFileReference; lastKnownFileType = file.storyboard; name = Base; path = Base.lproj/LaunchScreen.storyboard; sourceTree = "<group>"; };
		2D392BFC26FCD0DE00CAA1AD /* Info.plist */ = {isa = PBXFileReference; lastKnownFileType = text.plist.xml; path = Info.plist; sourceTree = "<group>"; };
		2D392C0926FCD17B00CAA1AD /* CanvasView.swift */ = {isa = PBXFileReference; lastKnownFileType = sourcecode.swift; path = CanvasView.swift; sourceTree = "<group>"; };
		2D392C0A26FCD17B00CAA1AD /* Colors.swift */ = {isa = PBXFileReference; lastKnownFileType = sourcecode.swift; path = Colors.swift; sourceTree = "<group>"; };
		2D392C0B26FCD17B00CAA1AD /* CBImageView.swift */ = {isa = PBXFileReference; lastKnownFileType = sourcecode.swift; path = CBImageView.swift; sourceTree = "<group>"; };
		2D392C0D26FCD17B00CAA1AD /* DropDownView.swift */ = {isa = PBXFileReference; lastKnownFileType = sourcecode.swift; path = DropDownView.swift; sourceTree = "<group>"; };
		2D392C1026FCD18E00CAA1AD /* ParseImage.swift */ = {isa = PBXFileReference; lastKnownFileType = sourcecode.swift; path = ParseImage.swift; sourceTree = "<group>"; };
		2D392C1226FCD18E00CAA1AD /* SignatureDriver.swift */ = {isa = PBXFileReference; lastKnownFileType = sourcecode.swift; path = SignatureDriver.swift; sourceTree = "<group>"; };
		2D392C1326FCD19A00CAA1AD /* Phase1.swift */ = {isa = PBXFileReference; lastKnownFileType = sourcecode.swift; path = Phase1.swift; sourceTree = "<group>"; };
		2D392C1426FCD19A00CAA1AD /* Phase2.swift */ = {isa = PBXFileReference; lastKnownFileType = sourcecode.swift; path = Phase2.swift; sourceTree = "<group>"; };
		2D392C1526FCD19A00CAA1AD /* Phase4.swift */ = {isa = PBXFileReference; lastKnownFileType = sourcecode.swift; path = Phase4.swift; sourceTree = "<group>"; };
		2D392C1626FCD19A00CAA1AD /* Phase3.swift */ = {isa = PBXFileReference; lastKnownFileType = sourcecode.swift; path = Phase3.swift; sourceTree = "<group>"; };
		2D392C1726FCD1A600CAA1AD /* MetalController.metal */ = {isa = PBXFileReference; lastKnownFileType = sourcecode.metal; path = MetalController.metal; sourceTree = "<group>"; };
		2D392C1826FCD1A600CAA1AD /* Filter.swift */ = {isa = PBXFileReference; lastKnownFileType = sourcecode.swift; path = Filter.swift; sourceTree = "<group>"; };
		2D392C1D26FCD58800CAA1AD /* Base */ = {isa = PBXFileReference; lastKnownFileType = file.storyboard; name = Base; path = Base.lproj/Main.storyboard; sourceTree = "<group>"; };
/* End PBXFileReference section */

/* Begin PBXFrameworksBuildPhase section */
		2D392BE826FCD0D700CAA1AD /* Frameworks */ = {
			isa = PBXFrameworksBuildPhase;
			buildActionMask = 2147483647;
			files = (
			);
			runOnlyForDeploymentPostprocessing = 0;
		};
/* End PBXFrameworksBuildPhase section */

/* Begin PBXGroup section */
		2D392BE226FCD0D700CAA1AD = {
			isa = PBXGroup;
			children = (
				2D392BED26FCD0D700CAA1AD /* SignatureComparisonExperiment */,
				2D392BEC26FCD0D700CAA1AD /* Products */,
			);
			sourceTree = "<group>";
		};
		2D392BEC26FCD0D700CAA1AD /* Products */ = {
			isa = PBXGroup;
			children = (
				2D392BEB26FCD0D700CAA1AD /* SignatureComparisonExperiment.app */,
			);
			name = Products;
			sourceTree = "<group>";
		};
		2D392BED26FCD0D700CAA1AD /* SignatureComparisonExperiment */ = {
			isa = PBXGroup;
			children = (
				2D392C0326FCD0F000CAA1AD /* MainFiles */,
				2D392C0626FCD14500CAA1AD /* MetalFiles */,
				2D392BEE26FCD0D700CAA1AD /* AppDelegate.swift */,
				2D392BF026FCD0D700CAA1AD /* SceneDelegate.swift */,
				2D392BF226FCD0D700CAA1AD /* ViewController.swift */,
				2D392C1C26FCD58800CAA1AD /* Main.storyboard */,
				2D392C0826FCD16C00CAA1AD /* HelperFiles */,
				2D392BF726FCD0DE00CAA1AD /* Assets.xcassets */,
				2D392BF926FCD0DE00CAA1AD /* LaunchScreen.storyboard */,
				2D392BFC26FCD0DE00CAA1AD /* Info.plist */,
			);
			path = SignatureComparisonExperiment;
			sourceTree = "<group>";
		};
		2D392C0326FCD0F000CAA1AD /* MainFiles */ = {
			isa = PBXGroup;
			children = (
				2D392C1026FCD18E00CAA1AD /* ParseImage.swift */,
				2D392C0726FCD15500CAA1AD /* Phases */,
				2D392C1226FCD18E00CAA1AD /* SignatureDriver.swift */,
			);
			path = MainFiles;
			sourceTree = "<group>";
		};
		2D392C0626FCD14500CAA1AD /* MetalFiles */ = {
			isa = PBXGroup;
			children = (
				2D392C1826FCD1A600CAA1AD /* Filter.swift */,
				2D392C1726FCD1A600CAA1AD /* MetalController.metal */,
			);
			path = MetalFiles;
			sourceTree = "<group>";
		};
		2D392C0726FCD15500CAA1AD /* Phases */ = {
			isa = PBXGroup;
			children = (
				2D392C1326FCD19A00CAA1AD /* Phase1.swift */,
				2D392C1426FCD19A00CAA1AD /* Phase2.swift */,
				2D392C1626FCD19A00CAA1AD /* Phase3.swift */,
				2D392C1526FCD19A00CAA1AD /* Phase4.swift */,
			);
			path = Phases;
			sourceTree = "<group>";
		};
		2D392C0826FCD16C00CAA1AD /* HelperFiles */ = {
			isa = PBXGroup;
			children = (
				2D392C0926FCD17B00CAA1AD /* CanvasView.swift */,
				2D392C0B26FCD17B00CAA1AD /* CBImageView.swift */,
				2D392C0A26FCD17B00CAA1AD /* Colors.swift */,
				2D392C0D26FCD17B00CAA1AD /* DropDownView.swift */,
			);
			path = HelperFiles;
			sourceTree = "<group>";
		};
/* End PBXGroup section */

/* Begin PBXNativeTarget section */
		2D392BEA26FCD0D700CAA1AD /* SignatureComparisonExperiment */ = {
			isa = PBXNativeTarget;
			buildConfigurationList = 2D392BFF26FCD0DE00CAA1AD /* Build configuration list for PBXNativeTarget "SignatureComparisonExperiment" */;
			buildPhases = (
				2D392BE726FCD0D700CAA1AD /* Sources */,
				2D392BE826FCD0D700CAA1AD /* Frameworks */,
				2D392BE926FCD0D700CAA1AD /* Resources */,
			);
			buildRules = (
			);
			dependencies = (
			);
			name = SignatureComparisonExperiment;
			productName = SignatureComparisonExperiment;
			productReference = 2D392BEB26FCD0D700CAA1AD /* SignatureComparisonExperiment.app */;
			productType = "com.apple.product-type.application";
		};
/* End PBXNativeTarget section */

/* Begin PBXProject section */
		2D392BE326FCD0D700CAA1AD /* Project object */ = {
			isa = PBXProject;
			attributes = {
				LastSwiftUpdateCheck = 1240;
				LastUpgradeCheck = 1240;
				TargetAttributes = {
					2D392BEA26FCD0D700CAA1AD = {
						CreatedOnToolsVersion = 12.4;
					};
				};
			};
			buildConfigurationList = 2D392BE626FCD0D700CAA1AD /* Build configuration list for PBXProject "SignatureComparisonExperiment" */;
			compatibilityVersion = "Xcode 9.3";
			developmentRegion = en;
			hasScannedForEncodings = 0;
			knownRegions = (
				en,
				Base,
			);
			mainGroup = 2D392BE226FCD0D700CAA1AD;
			productRefGroup = 2D392BEC26FCD0D700CAA1AD /* Products */;
			projectDirPath = "";
			projectRoot = "";
			targets = (
				2D392BEA26FCD0D700CAA1AD /* SignatureComparisonExperiment */,
			);
		};
/* End PBXProject section */

/* Begin PBXResourcesBuildPhase section */
		2D392BE926FCD0D700CAA1AD /* Resources */ = {
			isa = PBXResourcesBuildPhase;
			buildActionMask = 2147483647;
			files = (
				2D392C1E26FCD58800CAA1AD /* Main.storyboard in Resources */,
				2D392BFB26FCD0DE00CAA1AD /* LaunchScreen.storyboard in Resources */,
				2D392BF826FCD0DE00CAA1AD /* Assets.xcassets in Resources */,
			);
			runOnlyForDeploymentPostprocessing = 0;
		};
/* End PBXResourcesBuildPhase section */

/* Begin PBXSourcesBuildPhase section */
		2D392BE726FCD0D700CAA1AD /* Sources */ = {
			isa = PBXSourcesBuildPhase;
			buildActionMask = 2147483647;
			files = (
				2D392C2826FCD72600CAA1AD /* Phase3.swift in Sources */,
				2D392C2E26FCD73000CAA1AD /* Filter.swift in Sources */,
				2D392C3226FCD74500CAA1AD /* DropDownView.swift in Sources */,
				2D392C2626FCD72600CAA1AD /* Phase2.swift in Sources */,
				2D392C2726FCD72600CAA1AD /* Phase1.swift in Sources */,
				2D392C3826FCD74E00CAA1AD /* CBImageView.swift in Sources */,
				2D392C2526FCD72600CAA1AD /* Phase4.swift in Sources */,
				2D392BF326FCD0D700CAA1AD /* ViewController.swift in Sources */,
				2D392C3626FCD74C00CAA1AD /* Colors.swift in Sources */,
				2D392BEF26FCD0D700CAA1AD /* AppDelegate.swift in Sources */,
				2D392C2A26FCD72900CAA1AD /* SignatureDriver.swift in Sources */,
				2D392C2326FCD71100CAA1AD /* ParseImage.swift in Sources */,
				2D392C2126FCD6E400CAA1AD /* CanvasView.swift in Sources */,
				2D392C3026FCD73200CAA1AD /* MetalController.metal in Sources */,
				2D392BF126FCD0D700CAA1AD /* SceneDelegate.swift in Sources */,
			);
			runOnlyForDeploymentPostprocessing = 0;
		};
/* End PBXSourcesBuildPhase section */

/* Begin PBXVariantGroup section */
		2D392BF926FCD0DE00CAA1AD /* LaunchScreen.storyboard */ = {
			isa = PBXVariantGroup;
			children = (
				2D392BFA26FCD0DE00CAA1AD /* Base */,
			);
			name = LaunchScreen.storyboard;
			sourceTree = "<group>";
		};
		2D392C1C26FCD58800CAA1AD /* Main.storyboard */ = {
			isa = PBXVariantGroup;
			children = (
				2D392C1D26FCD58800CAA1AD /* Base */,
			);
			name = Main.storyboard;
			sourceTree = "<group>";
		};
/* End PBXVariantGroup section */

/* Begin XCBuildConfiguration section */
		2D392BFD26FCD0DE00CAA1AD /* Debug */ = {
			isa = XCBuildConfiguration;
			buildSettings = {
				ALWAYS_SEARCH_USER_PATHS = NO;
				CLANG_ANALYZER_NONNULL = YES;
				CLANG_ANALYZER_NUMBER_OBJECT_CONVERSION = YES_AGGRESSIVE;
				CLANG_CXX_LANGUAGE_STANDARD = "gnu++14";
				CLANG_CXX_LIBRARY = "libc++";
				CLANG_ENABLE_MODULES = YES;
				CLANG_ENABLE_OBJC_ARC = YES;
				CLANG_ENABLE_OBJC_WEAK = YES;
				CLANG_WARN_BLOCK_CAPTURE_AUTORELEASING = YES;
				CLANG_WARN_BOOL_CONVERSION = YES;
				CLANG_WARN_COMMA = YES;
				CLANG_WARN_CONSTANT_CONVERSION = YES;
				CLANG_WARN_DEPRECATED_OBJC_IMPLEMENTATIONS = YES;
				CLANG_WARN_DIRECT_OBJC_ISA_USAGE = YES_ERROR;
				CLANG_WARN_DOCUMENTATION_COMMENTS = YES;
				CLANG_WARN_EMPTY_BODY = YES;
				CLANG_WARN_ENUM_CONVERSION = YES;
				CLANG_WARN_INFINITE_RECURSION = YES;
				CLANG_WARN_INT_CONVERSION = YES;
				CLANG_WARN_NON_LITERAL_NULL_CONVERSION = YES;
				CLANG_WARN_OBJC_IMPLICIT_RETAIN_SELF = YES;
				CLANG_WARN_OBJC_LITERAL_CONVERSION = YES;
				CLANG_WARN_OBJC_ROOT_CLASS = YES_ERROR;
				CLANG_WARN_QUOTED_INCLUDE_IN_FRAMEWORK_HEADER = YES;
				CLANG_WARN_RANGE_LOOP_ANALYSIS = YES;
				CLANG_WARN_STRICT_PROTOTYPES = YES;
				CLANG_WARN_SUSPICIOUS_MOVE = YES;
				CLANG_WARN_UNGUARDED_AVAILABILITY = YES_AGGRESSIVE;
				CLANG_WARN_UNREACHABLE_CODE = YES;
				CLANG_WARN__DUPLICATE_METHOD_MATCH = YES;
				COPY_PHASE_STRIP = NO;
				DEBUG_INFORMATION_FORMAT = dwarf;
				ENABLE_STRICT_OBJC_MSGSEND = YES;
				ENABLE_TESTABILITY = YES;
				GCC_C_LANGUAGE_STANDARD = gnu11;
				GCC_DYNAMIC_NO_PIC = NO;
				GCC_NO_COMMON_BLOCKS = YES;
				GCC_OPTIMIZATION_LEVEL = 0;
				GCC_PREPROCESSOR_DEFINITIONS = (
					"DEBUG=1",
					"$(inherited)",
				);
				GCC_WARN_64_TO_32_BIT_CONVERSION = YES;
				GCC_WARN_ABOUT_RETURN_TYPE = YES_ERROR;
				GCC_WARN_UNDECLARED_SELECTOR = YES;
				GCC_WARN_UNINITIALIZED_AUTOS = YES_AGGRESSIVE;
				GCC_WARN_UNUSED_FUNCTION = YES;
				GCC_WARN_UNUSED_VARIABLE = YES;
				IPHONEOS_DEPLOYMENT_TARGET = 14.4;
				MTL_ENABLE_DEBUG_INFO = INCLUDE_SOURCE;
				MTL_FAST_MATH = YES;
				ONLY_ACTIVE_ARCH = YES;
				SDKROOT = iphoneos;
				SWIFT_ACTIVE_COMPILATION_CONDITIONS = DEBUG;
				SWIFT_OPTIMIZATION_LEVEL = "-Onone";
			};
			name = Debug;
		};
		2D392BFE26FCD0DE00CAA1AD /* Release */ = {
			isa = XCBuildConfiguration;
			buildSettings = {
				ALWAYS_SEARCH_USER_PATHS = NO;
				CLANG_ANALYZER_NONNULL = YES;
				CLANG_ANALYZER_NUMBER_OBJECT_CONVERSION = YES_AGGRESSIVE;
				CLANG_CXX_LANGUAGE_STANDARD = "gnu++14";
				CLANG_CXX_LIBRARY = "libc++";
				CLANG_ENABLE_MODULES = YES;
				CLANG_ENABLE_OBJC_ARC = YES;
				CLANG_ENABLE_OBJC_WEAK = YES;
				CLANG_WARN_BLOCK_CAPTURE_AUTORELEASING = YES;
				CLANG_WARN_BOOL_CONVERSION = YES;
				CLANG_WARN_COMMA = YES;
				CLANG_WARN_CONSTANT_CONVERSION = YES;
				CLANG_WARN_DEPRECATED_OBJC_IMPLEMENTATIONS = YES;
				CLANG_WARN_DIRECT_OBJC_ISA_USAGE = YES_ERROR;
				CLANG_WARN_DOCUMENTATION_COMMENTS = YES;
				CLANG_WARN_EMPTY_BODY = YES;
				CLANG_WARN_ENUM_CONVERSION = YES;
				CLANG_WARN_INFINITE_RECURSION = YES;
				CLANG_WARN_INT_CONVERSION = YES;
				CLANG_WARN_NON_LITERAL_NULL_CONVERSION = YES;
				CLANG_WARN_OBJC_IMPLICIT_RETAIN_SELF = YES;
				CLANG_WARN_OBJC_LITERAL_CONVERSION = YES;
				CLANG_WARN_OBJC_ROOT_CLASS = YES_ERROR;
				CLANG_WARN_QUOTED_INCLUDE_IN_FRAMEWORK_HEADER = YES;
				CLANG_WARN_RANGE_LOOP_ANALYSIS = YES;
				CLANG_WARN_STRICT_PROTOTYPES = YES;
				CLANG_WARN_SUSPICIOUS_MOVE = YES;
				CLANG_WARN_UNGUARDED_AVAILABILITY = YES_AGGRESSIVE;
				CLANG_WARN_UNREACHABLE_CODE = YES;
				CLANG_WARN__DUPLICATE_METHOD_MATCH = YES;
				COPY_PHASE_STRIP = NO;
				DEBUG_INFORMATION_FORMAT = "dwarf-with-dsym";
				ENABLE_NS_ASSERTIONS = NO;
				ENABLE_STRICT_OBJC_MSGSEND = YES;
				GCC_C_LANGUAGE_STANDARD = gnu11;
				GCC_NO_COMMON_BLOCKS = YES;
				GCC_WARN_64_TO_32_BIT_CONVERSION = YES;
				GCC_WARN_ABOUT_RETURN_TYPE = YES_ERROR;
				GCC_WARN_UNDECLARED_SELECTOR = YES;
				GCC_WARN_UNINITIALIZED_AUTOS = YES_AGGRESSIVE;
				GCC_WARN_UNUSED_FUNCTION = YES;
				GCC_WARN_UNUSED_VARIABLE = YES;
				IPHONEOS_DEPLOYMENT_TARGET = 14.4;
				MTL_ENABLE_DEBUG_INFO = NO;
				MTL_FAST_MATH = YES;
				SDKROOT = iphoneos;
				SWIFT_COMPILATION_MODE = wholemodule;
				SWIFT_OPTIMIZATION_LEVEL = "-O";
				VALIDATE_PRODUCT = YES;
			};
			name = Release;
		};
		2D392C0026FCD0DE00CAA1AD /* Debug */ = {
			isa = XCBuildConfiguration;
			buildSettings = {
				ASSETCATALOG_COMPILER_APPICON_NAME = AppIcon;
				ASSETCATALOG_COMPILER_GLOBAL_ACCENT_COLOR_NAME = AccentColor;
				CODE_SIGN_STYLE = Automatic;
				DEVELOPMENT_TEAM = BG7Y98GDNY;
				INFOPLIST_FILE = SignatureComparisonExperiment/Info.plist;
				LD_RUNPATH_SEARCH_PATHS = (
					"$(inherited)",
					"@executable_path/Frameworks",
				);
				OTHER_SWIFT_FLAGS = "-D DEBUG";
				PRODUCT_BUNDLE_IDENTIFIER = com.signaturecomparisonexperiment.SignatureComparisonExperiment;
				PRODUCT_NAME = "$(TARGET_NAME)";
				SWIFT_VERSION = 5.0;
				TARGETED_DEVICE_FAMILY = "1,2";
			};
			name = Debug;
		};
		2D392C0126FCD0DE00CAA1AD /* Release */ = {
			isa = XCBuildConfiguration;
			buildSettings = {
				ASSETCATALOG_COMPILER_APPICON_NAME = AppIcon;
				ASSETCATALOG_COMPILER_GLOBAL_ACCENT_COLOR_NAME = AccentColor;
				CODE_SIGN_STYLE = Automatic;
				DEVELOPMENT_TEAM = BG7Y98GDNY;
				INFOPLIST_FILE = SignatureComparisonExperiment/Info.plist;
				LD_RUNPATH_SEARCH_PATHS = (
					"$(inherited)",
					"@executable_path/Frameworks",
				);
				OTHER_SWIFT_FLAGS = "";
				PRODUCT_BUNDLE_IDENTIFIER = com.signaturecomparisonexperiment.SignatureComparisonExperiment;
				PRODUCT_NAME = "$(TARGET_NAME)";
				SWIFT_VERSION = 5.0;
				TARGETED_DEVICE_FAMILY = "1,2";
			};
			name = Release;
		};
/* End XCBuildConfiguration section */

/* Begin XCConfigurationList section */
		2D392BE626FCD0D700CAA1AD /* Build configuration list for PBXProject "SignatureComparisonExperiment" */ = {
			isa = XCConfigurationList;
			buildConfigurations = (
				2D392BFD26FCD0DE00CAA1AD /* Debug */,
				2D392BFE26FCD0DE00CAA1AD /* Release */,
			);
			defaultConfigurationIsVisible = 0;
			defaultConfigurationName = Release;
		};
		2D392BFF26FCD0DE00CAA1AD /* Build configuration list for PBXNativeTarget "SignatureComparisonExperiment" */ = {
			isa = XCConfigurationList;
			buildConfigurations = (
				2D392C0026FCD0DE00CAA1AD /* Debug */,
				2D392C0126FCD0DE00CAA1AD /* Release */,
			);
			defaultConfigurationIsVisible = 0;
			defaultConfigurationName = Release;
		};
/* End XCConfigurationList section */
	};
	rootObject = 2D392BE326FCD0D700CAA1AD /* Project object */;
}
